
Microsoft Visual Studio Solution File, Format Version 12.00
Project("{FAE04EC0-301F-11D3-BF4B-00C04F79EFBC}") = "c beigning", "c beigning\c beigning.csproj", "{FFDC07B7-3263-4439-9C0B-6C706D04F4DC}"
EndProject
Global
	GlobalSection(SolutionConfigurationPlatforms) = preSolution
		Debug|Any CPU = Debug|Any CPU
		Release|Any CPU = Release|Any CPU
	EndGlobalSection
	GlobalSection(ProjectConfigurationPlatforms) = postSolution
		{FFDC07B7-3263-4439-9C0B-6C706D04F4DC}.Debug|Any CPU.ActiveCfg = Debug|Any CPU
		{FFDC07B7-3263-4439-9C0B-6C706D04F4DC}.Debug|Any CPU.Build.0 = Debug|Any CPU
		{FFDC07B7-3263-4439-9C0B-6C706D04F4DC}.Release|Any CPU.ActiveCfg = Release|Any CPU
		{FFDC07B7-3263-4439-9C0B-6C706D04F4DC}.Release|Any CPU.Build.0 = Release|Any CPU
	EndGlobalSection
EndGlobal
